
Microsoft Visual Studio Solution File, Format Version 12.00
# Visual Studio Version 17
VisualStudioVersion = 17.0.31903.59
MinimumVisualStudioVersion = 10.0.40219.1
Project("{FAE04EC0-301F-11D3-BF4B-00C04F79EFBC}") = "ConcatPath", "AddEnvironmentPath\ConcatPath.csproj", "{7431AE6C-412F-4EE3-AEBE-4791FFA6B117}"
EndProject
Global
	GlobalSection(SolutionConfigurationPlatforms) = preSolution
		Debug|Any CPU = Debug|Any CPU
		Release|Any CPU = Release|Any CPU
	EndGlobalSection
	GlobalSection(ProjectConfigurationPlatforms) = postSolution
		{7431AE6C-412F-4EE3-AEBE-4791FFA6B117}.Debug|Any CPU.ActiveCfg = Debug|Any CPU
		{7431AE6C-412F-4EE3-AEBE-4791FFA6B117}.Debug|Any CPU.Build.0 = Debug|Any CPU
		{7431AE6C-412F-4EE3-AEBE-4791FFA6B117}.Release|Any CPU.ActiveCfg = Release|Any CPU
		{7431AE6C-412F-4EE3-AEBE-4791FFA6B117}.Release|Any CPU.Build.0 = Release|Any CPU
	EndGlobalSection
	GlobalSection(SolutionProperties) = preSolution
		HideSolutionNode = FALSE
	EndGlobalSection
	GlobalSection(ExtensibilityGlobals) = postSolution
		SolutionGuid = {787B4C09-804E-405F-A43E-6277CE53DD72}
	EndGlobalSection
EndGlobal
